
Microsoft Visual Studio Solution File, Format Version 12.00
# Visual Studio Version 16
VisualStudioVersion = 16.0.32228.343
MinimumVisualStudioVersion = 10.0.40219.1
Project("{9A19103F-16F7-4668-BE54-9A1E7A4F7556}") = "langApi", "langApi\langApi.csproj", "{1C8D4F30-316C-4FC5-BCC6-8EEB18D00E4F}"
EndProject
Project("{9A19103F-16F7-4668-BE54-9A1E7A4F7556}") = "WordApi", "WordApi\WordApi.csproj", "{452CB0DC-39F2-416C-9FD5-635EEFF6FA5F}"
EndProject
Project("{FAE04EC0-301F-11D3-BF4B-00C04F79EFBC}") = "UserApi", "UserApi\UserApi.csproj", "{537DDBDA-FCC8-4F44-A643-2F438AA87A83}"
EndProject
Global
	GlobalSection(SolutionConfigurationPlatforms) = preSolution
		Debug|Any CPU = Debug|Any CPU
		Release|Any CPU = Release|Any CPU
	EndGlobalSection
	GlobalSection(ProjectConfigurationPlatforms) = postSolution
		{1C8D4F30-316C-4FC5-BCC6-8EEB18D00E4F}.Debug|Any CPU.ActiveCfg = Debug|Any CPU
		{1C8D4F30-316C-4FC5-BCC6-8EEB18D00E4F}.Debug|Any CPU.Build.0 = Debug|Any CPU
		{1C8D4F30-316C-4FC5-BCC6-8EEB18D00E4F}.Release|Any CPU.ActiveCfg = Release|Any CPU
		{1C8D4F30-316C-4FC5-BCC6-8EEB18D00E4F}.Release|Any CPU.Build.0 = Release|Any CPU
		{452CB0DC-39F2-416C-9FD5-635EEFF6FA5F}.Debug|Any CPU.ActiveCfg = Debug|Any CPU
		{452CB0DC-39F2-416C-9FD5-635EEFF6FA5F}.Debug|Any CPU.Build.0 = Debug|Any CPU
		{452CB0DC-39F2-416C-9FD5-635EEFF6FA5F}.Release|Any CPU.ActiveCfg = Release|Any CPU
		{452CB0DC-39F2-416C-9FD5-635EEFF6FA5F}.Release|Any CPU.Build.0 = Release|Any CPU
		{537DDBDA-FCC8-4F44-A643-2F438AA87A83}.Debug|Any CPU.ActiveCfg = Debug|Any CPU
		{537DDBDA-FCC8-4F44-A643-2F438AA87A83}.Debug|Any CPU.Build.0 = Debug|Any CPU
		{537DDBDA-FCC8-4F44-A643-2F438AA87A83}.Release|Any CPU.ActiveCfg = Release|Any CPU
		{537DDBDA-FCC8-4F44-A643-2F438AA87A83}.Release|Any CPU.Build.0 = Release|Any CPU
	EndGlobalSection
	GlobalSection(SolutionProperties) = preSolution
		HideSolutionNode = FALSE
	EndGlobalSection
	GlobalSection(ExtensibilityGlobals) = postSolution
		SolutionGuid = {8B6E4DBA-5F0D-495E-9D39-335FBD491059}
	EndGlobalSection
EndGlobal
